// !$*UTF8*$!
{
	archiveVersion = 1;
	classes = {
	};
	objectVersion = 55;
	objects = {

/* Begin PBXBuildFile section */
		923EF77329F42A0C00A1383F /* MainView.swift in Sources */ = {isa = PBXBuildFile; fileRef = 923EF77229F42A0C00A1383F /* MainView.swift */; };
		923EF77529F4346C00A1383F /* TabButton.swift in Sources */ = {isa = PBXBuildFile; fileRef = 923EF77429F4346C00A1383F /* TabButton.swift */; };
		923EF77729F43AD900A1383F /* CornerRadiusStyle.swift in Sources */ = {isa = PBXBuildFile; fileRef = 923EF77629F43AD900A1383F /* CornerRadiusStyle.swift */; };
		923EF77929F448DE00A1383F /* SideMenu.swift in Sources */ = {isa = PBXBuildFile; fileRef = 923EF77829F448DE00A1383F /* SideMenu.swift */; };
		9282ECCD27FF00E400C45B3D /* SideBarStack.swift in Sources */ = {isa = PBXBuildFile; fileRef = 9282ECCC27FF00E400C45B3D /* SideBarStack.swift */; };
		9282ECCF280172AB00C45B3D /* HomePage.swift in Sources */ = {isa = PBXBuildFile; fileRef = 9282ECCE280172AB00C45B3D /* HomePage.swift */; };
		9282ECD12801B05200C45B3D /* ExploreView.swift in Sources */ = {isa = PBXBuildFile; fileRef = 9282ECD02801B05200C45B3D /* ExploreView.swift */; };
		9299BD9A27F461AF007CA522 /* TravelGuideApp.swift in Sources */ = {isa = PBXBuildFile; fileRef = 9299BD9927F461AF007CA522 /* TravelGuideApp.swift */; };
		9299BD9E27F461B1007CA522 /* Assets.xcassets in Resources */ = {isa = PBXBuildFile; fileRef = 9299BD9D27F461B1007CA522 /* Assets.xcassets */; };
		9299BDA127F461B1007CA522 /* Preview Assets.xcassets in Resources */ = {isa = PBXBuildFile; fileRef = 9299BDA027F461B1007CA522 /* Preview Assets.xcassets */; };
		9299BDA827F4684E007CA522 /* StartedView.swift in Sources */ = {isa = PBXBuildFile; fileRef = 9299BDA727F4684E007CA522 /* StartedView.swift */; };
		9299BDAA27F46EC7007CA522 /* Colors.swift in Sources */ = {isa = PBXBuildFile; fileRef = 9299BDA927F46EC7007CA522 /* Colors.swift */; };
		9299BDAC27F46F0C007CA522 /* AdaptivePaddings.swift in Sources */ = {isa = PBXBuildFile; fileRef = 9299BDAB27F46F0C007CA522 /* AdaptivePaddings.swift */; };
		9299BDAE27F477F4007CA522 /* CreateAccountView.swift in Sources */ = {isa = PBXBuildFile; fileRef = 9299BDAD27F477F4007CA522 /* CreateAccountView.swift */; };
		9299BDB627F4AE58007CA522 /* ButtonsStyle.swift in Sources */ = {isa = PBXBuildFile; fileRef = 9299BDB527F4AE58007CA522 /* ButtonsStyle.swift */; };
		9299BDB827F4AFD9007CA522 /* LoginDoneView.swift in Sources */ = {isa = PBXBuildFile; fileRef = 9299BDB727F4AFD9007CA522 /* LoginDoneView.swift */; };
		9299BDBA27F4D2AF007CA522 /* ForgotPasswordView.swift in Sources */ = {isa = PBXBuildFile; fileRef = 9299BDB927F4D2AF007CA522 /* ForgotPasswordView.swift */; };
		9299BDBC27F4DE39007CA522 /* SendPasswordView.swift in Sources */ = {isa = PBXBuildFile; fileRef = 9299BDBB27F4DE39007CA522 /* SendPasswordView.swift */; };
		9299BDBE27F57866007CA522 /* DiamondShapeImage.swift in Sources */ = {isa = PBXBuildFile; fileRef = 9299BDBD27F57866007CA522 /* DiamondShapeImage.swift */; };
		9299BDC027F57DAF007CA522 /* SighUpView.swift in Sources */ = {isa = PBXBuildFile; fileRef = 9299BDBF27F57DAF007CA522 /* SighUpView.swift */; };
		9299BDC427F59C69007CA522 /* FirstWelcomeScreen.swift in Sources */ = {isa = PBXBuildFile; fileRef = 9299BDC327F59C69007CA522 /* FirstWelcomeScreen.swift */; };
		9299BDC627F5A625007CA522 /* SegmentProgresView.swift in Sources */ = {isa = PBXBuildFile; fileRef = 9299BDC527F5A625007CA522 /* SegmentProgresView.swift */; };
		9299BDC827F6E7FC007CA522 /* SecondWelcomeScreen.swift in Sources */ = {isa = PBXBuildFile; fileRef = 9299BDC727F6E7FC007CA522 /* SecondWelcomeScreen.swift */; };
		9299BDCA27F6EDC8007CA522 /* Honeycomb.swift in Sources */ = {isa = PBXBuildFile; fileRef = 9299BDC927F6EDC8007CA522 /* Honeycomb.swift */; };
		92D954A227F75F0F005EB314 /* CityCell.swift in Sources */ = {isa = PBXBuildFile; fileRef = 92D954A127F75F0E005EB314 /* CityCell.swift */; };
		92D954A427F9B092005EB314 /* ThirdWelcomeScreen.swift in Sources */ = {isa = PBXBuildFile; fileRef = 92D954A327F9B092005EB314 /* ThirdWelcomeScreen.swift */; };
		92D954A627F9B0E1005EB314 /* CityCellModel.swift in Sources */ = {isa = PBXBuildFile; fileRef = 92D954A527F9B0E1005EB314 /* CityCellModel.swift */; };
/* End PBXBuildFile section */

/* Begin PBXFileReference section */
		923EF77229F42A0C00A1383F /* MainView.swift */ = {isa = PBXFileReference; lastKnownFileType = sourcecode.swift; path = MainView.swift; sourceTree = "<group>"; };
		923EF77429F4346C00A1383F /* TabButton.swift */ = {isa = PBXFileReference; lastKnownFileType = sourcecode.swift; path = TabButton.swift; sourceTree = "<group>"; };
		923EF77629F43AD900A1383F /* CornerRadiusStyle.swift */ = {isa = PBXFileReference; lastKnownFileType = sourcecode.swift; path = CornerRadiusStyle.swift; sourceTree = "<group>"; };
		923EF77829F448DE00A1383F /* SideMenu.swift */ = {isa = PBXFileReference; lastKnownFileType = sourcecode.swift; path = SideMenu.swift; sourceTree = "<group>"; };
		9282ECCC27FF00E400C45B3D /* SideBarStack.swift */ = {isa = PBXFileReference; lastKnownFileType = sourcecode.swift; path = SideBarStack.swift; sourceTree = "<group>"; };
		9282ECCE280172AB00C45B3D /* HomePage.swift */ = {isa = PBXFileReference; lastKnownFileType = sourcecode.swift; path = HomePage.swift; sourceTree = "<group>"; };
		9282ECD02801B05200C45B3D /* ExploreView.swift */ = {isa = PBXFileReference; lastKnownFileType = sourcecode.swift; path = ExploreView.swift; sourceTree = "<group>"; };
		9299BD9627F461AF007CA522 /* TravelGuide.app */ = {isa = PBXFileReference; explicitFileType = wrapper.application; includeInIndex = 0; path = TravelGuide.app; sourceTree = BUILT_PRODUCTS_DIR; };
		9299BD9927F461AF007CA522 /* TravelGuideApp.swift */ = {isa = PBXFileReference; lastKnownFileType = sourcecode.swift; path = TravelGuideApp.swift; sourceTree = "<group>"; };
		9299BD9D27F461B1007CA522 /* Assets.xcassets */ = {isa = PBXFileReference; lastKnownFileType = folder.assetcatalog; path = Assets.xcassets; sourceTree = "<group>"; };
		9299BDA027F461B1007CA522 /* Preview Assets.xcassets */ = {isa = PBXFileReference; lastKnownFileType = folder.assetcatalog; path = "Preview Assets.xcassets"; sourceTree = "<group>"; };
		9299BDA727F4684E007CA522 /* StartedView.swift */ = {isa = PBXFileReference; lastKnownFileType = sourcecode.swift; path = StartedView.swift; sourceTree = "<group>"; };
		9299BDA927F46EC7007CA522 /* Colors.swift */ = {isa = PBXFileReference; lastKnownFileType = sourcecode.swift; path = Colors.swift; sourceTree = "<group>"; };
		9299BDAB27F46F0C007CA522 /* AdaptivePaddings.swift */ = {isa = PBXFileReference; lastKnownFileType = sourcecode.swift; path = AdaptivePaddings.swift; sourceTree = "<group>"; };
		9299BDAD27F477F4007CA522 /* CreateAccountView.swift */ = {isa = PBXFileReference; lastKnownFileType = sourcecode.swift; path = CreateAccountView.swift; sourceTree = "<group>"; };
		9299BDB527F4AE58007CA522 /* ButtonsStyle.swift */ = {isa = PBXFileReference; lastKnownFileType = sourcecode.swift; path = ButtonsStyle.swift; sourceTree = "<group>"; };
		9299BDB727F4AFD9007CA522 /* LoginDoneView.swift */ = {isa = PBXFileReference; lastKnownFileType = sourcecode.swift; path = LoginDoneView.swift; sourceTree = "<group>"; };
		9299BDB927F4D2AF007CA522 /* ForgotPasswordView.swift */ = {isa = PBXFileReference; lastKnownFileType = sourcecode.swift; path = ForgotPasswordView.swift; sourceTree = "<group>"; };
		9299BDBB27F4DE39007CA522 /* SendPasswordView.swift */ = {isa = PBXFileReference; lastKnownFileType = sourcecode.swift; path = SendPasswordView.swift; sourceTree = "<group>"; };
		9299BDBD27F57866007CA522 /* DiamondShapeImage.swift */ = {isa = PBXFileReference; lastKnownFileType = sourcecode.swift; path = DiamondShapeImage.swift; sourceTree = "<group>"; };
		9299BDBF27F57DAF007CA522 /* SighUpView.swift */ = {isa = PBXFileReference; lastKnownFileType = sourcecode.swift; path = SighUpView.swift; sourceTree = "<group>"; };
		9299BDC327F59C69007CA522 /* FirstWelcomeScreen.swift */ = {isa = PBXFileReference; lastKnownFileType = sourcecode.swift; path = FirstWelcomeScreen.swift; sourceTree = "<group>"; };
		9299BDC527F5A625007CA522 /* SegmentProgresView.swift */ = {isa = PBXFileReference; lastKnownFileType = sourcecode.swift; path = SegmentProgresView.swift; sourceTree = "<group>"; };
		9299BDC727F6E7FC007CA522 /* SecondWelcomeScreen.swift */ = {isa = PBXFileReference; lastKnownFileType = sourcecode.swift; path = SecondWelcomeScreen.swift; sourceTree = "<group>"; };
		9299BDC927F6EDC8007CA522 /* Honeycomb.swift */ = {isa = PBXFileReference; lastKnownFileType = sourcecode.swift; path = Honeycomb.swift; sourceTree = "<group>"; };
		92D954A127F75F0E005EB314 /* CityCell.swift */ = {isa = PBXFileReference; lastKnownFileType = sourcecode.swift; path = CityCell.swift; sourceTree = "<group>"; };
		92D954A327F9B092005EB314 /* ThirdWelcomeScreen.swift */ = {isa = PBXFileReference; lastKnownFileType = sourcecode.swift; path = ThirdWelcomeScreen.swift; sourceTree = "<group>"; };
		92D954A527F9B0E1005EB314 /* CityCellModel.swift */ = {isa = PBXFileReference; lastKnownFileType = sourcecode.swift; path = CityCellModel.swift; sourceTree = "<group>"; };
/* End PBXFileReference section */

/* Begin PBXFrameworksBuildPhase section */
		9299BD9327F461AF007CA522 /* Frameworks */ = {
			isa = PBXFrameworksBuildPhase;
			buildActionMask = 2147483647;
			files = (
			);
			runOnlyForDeploymentPostprocessing = 0;
		};
/* End PBXFrameworksBuildPhase section */

/* Begin PBXGroup section */
		923EF77129F429FC00A1383F /* Main */ = {
			isa = PBXGroup;
			children = (
				923EF77229F42A0C00A1383F /* MainView.swift */,
				923EF77429F4346C00A1383F /* TabButton.swift */,
				923EF77829F448DE00A1383F /* SideMenu.swift */,
			);
			path = Main;
			sourceTree = "<group>";
		};
		9282ECCB27FF00A600C45B3D /* Home */ = {
			isa = PBXGroup;
			children = (
				9282ECCC27FF00E400C45B3D /* SideBarStack.swift */,
				9282ECCE280172AB00C45B3D /* HomePage.swift */,
				9282ECD02801B05200C45B3D /* ExploreView.swift */,
			);
			path = Home;
			sourceTree = "<group>";
		};
		9299BD8D27F461AF007CA522 = {
			isa = PBXGroup;
			children = (
				9299BD9827F461AF007CA522 /* TravelGuide */,
				9299BD9727F461AF007CA522 /* Products */,
			);
			sourceTree = "<group>";
		};
		9299BD9727F461AF007CA522 /* Products */ = {
			isa = PBXGroup;
			children = (
				9299BD9627F461AF007CA522 /* TravelGuide.app */,
			);
			name = Products;
			sourceTree = "<group>";
		};
		9299BD9827F461AF007CA522 /* TravelGuide */ = {
			isa = PBXGroup;
			children = (
				9299BD9927F461AF007CA522 /* TravelGuideApp.swift */,
				923EF77129F429FC00A1383F /* Main */,
				9282ECCB27FF00A600C45B3D /* Home */,
				9299BDC227F59C47007CA522 /* WelcomeScreens */,
				9299BDB327F4A90F007CA522 /* Login */,
				9299BDB427F4A931007CA522 /* Helpers */,
				9299BD9D27F461B1007CA522 /* Assets.xcassets */,
				9299BD9F27F461B1007CA522 /* Preview Content */,
			);
			path = TravelGuide;
			sourceTree = "<group>";
		};
		9299BD9F27F461B1007CA522 /* Preview Content */ = {
			isa = PBXGroup;
			children = (
				9299BDA027F461B1007CA522 /* Preview Assets.xcassets */,
			);
			path = "Preview Content";
			sourceTree = "<group>";
		};
		9299BDB327F4A90F007CA522 /* Login */ = {
			isa = PBXGroup;
			children = (
				9299BDA727F4684E007CA522 /* StartedView.swift */,
				9299BDAD27F477F4007CA522 /* CreateAccountView.swift */,
				9299BDB727F4AFD9007CA522 /* LoginDoneView.swift */,
				9299BDB927F4D2AF007CA522 /* ForgotPasswordView.swift */,
				9299BDBB27F4DE39007CA522 /* SendPasswordView.swift */,
				9299BDBF27F57DAF007CA522 /* SighUpView.swift */,
			);
			path = Login;
			sourceTree = "<group>";
		};
		9299BDB427F4A931007CA522 /* Helpers */ = {
			isa = PBXGroup;
			children = (
				9299BDAB27F46F0C007CA522 /* AdaptivePaddings.swift */,
				9299BDA927F46EC7007CA522 /* Colors.swift */,
				9299BDB527F4AE58007CA522 /* ButtonsStyle.swift */,
				9299BDBD27F57866007CA522 /* DiamondShapeImage.swift */,
				9299BDC927F6EDC8007CA522 /* Honeycomb.swift */,
				9299BDC527F5A625007CA522 /* SegmentProgresView.swift */,
				923EF77629F43AD900A1383F /* CornerRadiusStyle.swift */,
			);
			path = Helpers;
			sourceTree = "<group>";
		};
		9299BDC227F59C47007CA522 /* WelcomeScreens */ = {
			isa = PBXGroup;
			children = (
				9299BDC327F59C69007CA522 /* FirstWelcomeScreen.swift */,
				9299BDC727F6E7FC007CA522 /* SecondWelcomeScreen.swift */,
				92D954A127F75F0E005EB314 /* CityCell.swift */,
				92D954A327F9B092005EB314 /* ThirdWelcomeScreen.swift */,
				92D954A527F9B0E1005EB314 /* CityCellModel.swift */,
			);
			path = WelcomeScreens;
			sourceTree = "<group>";
		};
/* End PBXGroup section */

/* Begin PBXNativeTarget section */
		9299BD9527F461AF007CA522 /* TravelGuide */ = {
			isa = PBXNativeTarget;
			buildConfigurationList = 9299BDA427F461B1007CA522 /* Build configuration list for PBXNativeTarget "TravelGuide" */;
			buildPhases = (
				9299BD9227F461AF007CA522 /* Sources */,
				9299BD9327F461AF007CA522 /* Frameworks */,
				9299BD9427F461AF007CA522 /* Resources */,
			);
			buildRules = (
			);
			dependencies = (
			);
			name = TravelGuide;
			productName = TravelGuide;
			productReference = 9299BD9627F461AF007CA522 /* TravelGuide.app */;
			productType = "com.apple.product-type.application";
		};
/* End PBXNativeTarget section */

/* Begin PBXProject section */
		9299BD8E27F461AF007CA522 /* Project object */ = {
			isa = PBXProject;
			attributes = {
				BuildIndependentTargetsInParallel = 1;
				LastSwiftUpdateCheck = 1320;
				LastUpgradeCheck = 1320;
				TargetAttributes = {
					9299BD9527F461AF007CA522 = {
						CreatedOnToolsVersion = 13.2.1;
					};
				};
			};
			buildConfigurationList = 9299BD9127F461AF007CA522 /* Build configuration list for PBXProject "TravelGuide" */;
			compatibilityVersion = "Xcode 13.0";
			developmentRegion = en;
			hasScannedForEncodings = 0;
			knownRegions = (
				en,
				Base,
			);
			mainGroup = 9299BD8D27F461AF007CA522;
			productRefGroup = 9299BD9727F461AF007CA522 /* Products */;
			projectDirPath = "";
			projectRoot = "";
			targets = (
				9299BD9527F461AF007CA522 /* TravelGuide */,
			);
		};
/* End PBXProject section */

/* Begin PBXResourcesBuildPhase section */
		9299BD9427F461AF007CA522 /* Resources */ = {
			isa = PBXResourcesBuildPhase;
			buildActionMask = 2147483647;
			files = (
				9299BDA127F461B1007CA522 /* Preview Assets.xcassets in Resources */,
				9299BD9E27F461B1007CA522 /* Assets.xcassets in Resources */,
			);
			runOnlyForDeploymentPostprocessing = 0;
		};
/* End PBXResourcesBuildPhase section */

/* Begin PBXSourcesBuildPhase section */
		9299BD9227F461AF007CA522 /* Sources */ = {
			isa = PBXSourcesBuildPhase;
			buildActionMask = 2147483647;
			files = (
				9299BDC427F59C69007CA522 /* FirstWelcomeScreen.swift in Sources */,
				9299BDC627F5A625007CA522 /* SegmentProgresView.swift in Sources */,
				9282ECD12801B05200C45B3D /* ExploreView.swift in Sources */,
				9299BDC827F6E7FC007CA522 /* SecondWelcomeScreen.swift in Sources */,
				9299BDB827F4AFD9007CA522 /* LoginDoneView.swift in Sources */,
				9299BDBC27F4DE39007CA522 /* SendPasswordView.swift in Sources */,
				9299BDAE27F477F4007CA522 /* CreateAccountView.swift in Sources */,
				923EF77329F42A0C00A1383F /* MainView.swift in Sources */,
				9299BDBE27F57866007CA522 /* DiamondShapeImage.swift in Sources */,
				9299BDAC27F46F0C007CA522 /* AdaptivePaddings.swift in Sources */,
				9299BDAA27F46EC7007CA522 /* Colors.swift in Sources */,
				9299BD9A27F461AF007CA522 /* TravelGuideApp.swift in Sources */,
				923EF77929F448DE00A1383F /* SideMenu.swift in Sources */,
				92D954A227F75F0F005EB314 /* CityCell.swift in Sources */,
				9299BDB627F4AE58007CA522 /* ButtonsStyle.swift in Sources */,
				9299BDBA27F4D2AF007CA522 /* ForgotPasswordView.swift in Sources */,
				92D954A427F9B092005EB314 /* ThirdWelcomeScreen.swift in Sources */,
				9299BDC027F57DAF007CA522 /* SighUpView.swift in Sources */,
				92D954A627F9B0E1005EB314 /* CityCellModel.swift in Sources */,
				9282ECCD27FF00E400C45B3D /* SideBarStack.swift in Sources */,
				9299BDCA27F6EDC8007CA522 /* Honeycomb.swift in Sources */,
				923EF77729F43AD900A1383F /* CornerRadiusStyle.swift in Sources */,
				9282ECCF280172AB00C45B3D /* HomePage.swift in Sources */,
				9299BDA827F4684E007CA522 /* StartedView.swift in Sources */,
				923EF77529F4346C00A1383F /* TabButton.swift in Sources */,
			);
			runOnlyForDeploymentPostprocessing = 0;
		};
/* End PBXSourcesBuildPhase section */

/* Begin XCBuildConfiguration section */
		9299BDA227F461B1007CA522 /* Debug */ = {
			isa = XCBuildConfiguration;
			buildSettings = {
				ALWAYS_SEARCH_USER_PATHS = NO;
				CLANG_ANALYZER_NONNULL = YES;
				CLANG_ANALYZER_NUMBER_OBJECT_CONVERSION = YES_AGGRESSIVE;
				CLANG_CXX_LANGUAGE_STANDARD = "gnu++17";
				CLANG_CXX_LIBRARY = "libc++";
				CLANG_ENABLE_MODULES = YES;
				CLANG_ENABLE_OBJC_ARC = YES;
				CLANG_ENABLE_OBJC_WEAK = YES;
				CLANG_WARN_BLOCK_CAPTURE_AUTORELEASING = YES;
				CLANG_WARN_BOOL_CONVERSION = YES;
				CLANG_WARN_COMMA = YES;
				CLANG_WARN_CONSTANT_CONVERSION = YES;
				CLANG_WARN_DEPRECATED_OBJC_IMPLEMENTATIONS = YES;
				CLANG_WARN_DIRECT_OBJC_ISA_USAGE = YES_ERROR;
				CLANG_WARN_DOCUMENTATION_COMMENTS = YES;
				CLANG_WARN_EMPTY_BODY = YES;
				CLANG_WARN_ENUM_CONVERSION = YES;
				CLANG_WARN_INFINITE_RECURSION = YES;
				CLANG_WARN_INT_CONVERSION = YES;
				CLANG_WARN_NON_LITERAL_NULL_CONVERSION = YES;
				CLANG_WARN_OBJC_IMPLICIT_RETAIN_SELF = YES;
				CLANG_WARN_OBJC_LITERAL_CONVERSION = YES;
				CLANG_WARN_OBJC_ROOT_CLASS = YES_ERROR;
				CLANG_WARN_QUOTED_INCLUDE_IN_FRAMEWORK_HEADER = YES;
				CLANG_WARN_RANGE_LOOP_ANALYSIS = YES;
				CLANG_WARN_STRICT_PROTOTYPES = YES;
				CLANG_WARN_SUSPICIOUS_MOVE = YES;
				CLANG_WARN_UNGUARDED_AVAILABILITY = YES_AGGRESSIVE;
				CLANG_WARN_UNREACHABLE_CODE = YES;
				CLANG_WARN__DUPLICATE_METHOD_MATCH = YES;
				COPY_PHASE_STRIP = NO;
				DEBUG_INFORMATION_FORMAT = dwarf;
				ENABLE_STRICT_OBJC_MSGSEND = YES;
				ENABLE_TESTABILITY = YES;
				GCC_C_LANGUAGE_STANDARD = gnu11;
				GCC_DYNAMIC_NO_PIC = NO;
				GCC_NO_COMMON_BLOCKS = YES;
				GCC_OPTIMIZATION_LEVEL = 0;
				GCC_PREPROCESSOR_DEFINITIONS = (
					"DEBUG=1",
					"$(inherited)",
				);
				GCC_WARN_64_TO_32_BIT_CONVERSION = YES;
				GCC_WARN_ABOUT_RETURN_TYPE = YES_ERROR;
				GCC_WARN_UNDECLARED_SELECTOR = YES;
				GCC_WARN_UNINITIALIZED_AUTOS = YES_AGGRESSIVE;
				GCC_WARN_UNUSED_FUNCTION = YES;
				GCC_WARN_UNUSED_VARIABLE = YES;
				IPHONEOS_DEPLOYMENT_TARGET = 15.2;
				MTL_ENABLE_DEBUG_INFO = INCLUDE_SOURCE;
				MTL_FAST_MATH = YES;
				ONLY_ACTIVE_ARCH = YES;
				SDKROOT = iphoneos;
				SWIFT_ACTIVE_COMPILATION_CONDITIONS = DEBUG;
				SWIFT_OPTIMIZATION_LEVEL = "-Onone";
			};
			name = Debug;
		};
		9299BDA327F461B1007CA522 /* Release */ = {
			isa = XCBuildConfiguration;
			buildSettings = {
				ALWAYS_SEARCH_USER_PATHS = NO;
				CLANG_ANALYZER_NONNULL = YES;
				CLANG_ANALYZER_NUMBER_OBJECT_CONVERSION = YES_AGGRESSIVE;
				CLANG_CXX_LANGUAGE_STANDARD = "gnu++17";
				CLANG_CXX_LIBRARY = "libc++";
				CLANG_ENABLE_MODULES = YES;
				CLANG_ENABLE_OBJC_ARC = YES;
				CLANG_ENABLE_OBJC_WEAK = YES;
				CLANG_WARN_BLOCK_CAPTURE_AUTORELEASING = YES;
				CLANG_WARN_BOOL_CONVERSION = YES;
				CLANG_WARN_COMMA = YES;
				CLANG_WARN_CONSTANT_CONVERSION = YES;
				CLANG_WARN_DEPRECATED_OBJC_IMPLEMENTATIONS = YES;
				CLANG_WARN_DIRECT_OBJC_ISA_USAGE = YES_ERROR;
				CLANG_WARN_DOCUMENTATION_COMMENTS = YES;
				CLANG_WARN_EMPTY_BODY = YES;
				CLANG_WARN_ENUM_CONVERSION = YES;
				CLANG_WARN_INFINITE_RECURSION = YES;
				CLANG_WARN_INT_CONVERSION = YES;
				CLANG_WARN_NON_LITERAL_NULL_CONVERSION = YES;
				CLANG_WARN_OBJC_IMPLICIT_RETAIN_SELF = YES;
				CLANG_WARN_OBJC_LITERAL_CONVERSION = YES;
				CLANG_WARN_OBJC_ROOT_CLASS = YES_ERROR;
				CLANG_WARN_QUOTED_INCLUDE_IN_FRAMEWORK_HEADER = YES;
				CLANG_WARN_RANGE_LOOP_ANALYSIS = YES;
				CLANG_WARN_STRICT_PROTOTYPES = YES;
				CLANG_WARN_SUSPICIOUS_MOVE = YES;
				CLANG_WARN_UNGUARDED_AVAILABILITY = YES_AGGRESSIVE;
				CLANG_WARN_UNREACHABLE_CODE = YES;
				CLANG_WARN__DUPLICATE_METHOD_MATCH = YES;
				COPY_PHASE_STRIP = NO;
				DEBUG_INFORMATION_FORMAT = "dwarf-with-dsym";
				ENABLE_NS_ASSERTIONS = NO;
				ENABLE_STRICT_OBJC_MSGSEND = YES;
				GCC_C_LANGUAGE_STANDARD = gnu11;
				GCC_NO_COMMON_BLOCKS = YES;
				GCC_WARN_64_TO_32_BIT_CONVERSION = YES;
				GCC_WARN_ABOUT_RETURN_TYPE = YES_ERROR;
				GCC_WARN_UNDECLARED_SELECTOR = YES;
				GCC_WARN_UNINITIALIZED_AUTOS = YES_AGGRESSIVE;
				GCC_WARN_UNUSED_FUNCTION = YES;
				GCC_WARN_UNUSED_VARIABLE = YES;
				IPHONEOS_DEPLOYMENT_TARGET = 15.2;
				MTL_ENABLE_DEBUG_INFO = NO;
				MTL_FAST_MATH = YES;
				SDKROOT = iphoneos;
				SWIFT_COMPILATION_MODE = wholemodule;
				SWIFT_OPTIMIZATION_LEVEL = "-O";
				VALIDATE_PRODUCT = YES;
			};
			name = Release;
		};
		9299BDA527F461B1007CA522 /* Debug */ = {
			isa = XCBuildConfiguration;
			buildSettings = {
				ASSETCATALOG_COMPILER_APPICON_NAME = AppIcon;
				ASSETCATALOG_COMPILER_GLOBAL_ACCENT_COLOR_NAME = AccentColor;
				CODE_SIGN_STYLE = Automatic;
				CURRENT_PROJECT_VERSION = 1;
				DEVELOPMENT_ASSET_PATHS = "\"TravelGuide/Preview Content\"";
				ENABLE_PREVIEWS = YES;
				GENERATE_INFOPLIST_FILE = YES;
				INFOPLIST_KEY_UIApplicationSceneManifest_Generation = YES;
				INFOPLIST_KEY_UIApplicationSupportsIndirectInputEvents = YES;
				INFOPLIST_KEY_UILaunchScreen_Generation = YES;
				INFOPLIST_KEY_UISupportedInterfaceOrientations_iPad = "UIInterfaceOrientationPortrait UIInterfaceOrientationPortraitUpsideDown UIInterfaceOrientationLandscapeLeft UIInterfaceOrientationLandscapeRight";
				INFOPLIST_KEY_UISupportedInterfaceOrientations_iPhone = "UIInterfaceOrientationPortrait UIInterfaceOrientationLandscapeLeft UIInterfaceOrientationLandscapeRight";
				LD_RUNPATH_SEARCH_PATHS = (
					"$(inherited)",
					"@executable_path/Frameworks",
				);
				MARKETING_VERSION = 1.0;
				PRODUCT_BUNDLE_IDENTIFIER = com.TravelGuide;
				PRODUCT_NAME = "$(TARGET_NAME)";
				SWIFT_EMIT_LOC_STRINGS = YES;
				SWIFT_VERSION = 5.0;
				TARGETED_DEVICE_FAMILY = "1,2";
			};
			name = Debug;
		};
		9299BDA627F461B1007CA522 /* Release */ = {
			isa = XCBuildConfiguration;
			buildSettings = {
				ASSETCATALOG_COMPILER_APPICON_NAME = AppIcon;
				ASSETCATALOG_COMPILER_GLOBAL_ACCENT_COLOR_NAME = AccentColor;
				CODE_SIGN_STYLE = Automatic;
				CURRENT_PROJECT_VERSION = 1;
				DEVELOPMENT_ASSET_PATHS = "\"TravelGuide/Preview Content\"";
				ENABLE_PREVIEWS = YES;
				GENERATE_INFOPLIST_FILE = YES;
				INFOPLIST_KEY_UIApplicationSceneManifest_Generation = YES;
				INFOPLIST_KEY_UIApplicationSupportsIndirectInputEvents = YES;
				INFOPLIST_KEY_UILaunchScreen_Generation = YES;
				INFOPLIST_KEY_UISupportedInterfaceOrientations_iPad = "UIInterfaceOrientationPortrait UIInterfaceOrientationPortraitUpsideDown UIInterfaceOrientationLandscapeLeft UIInterfaceOrientationLandscapeRight";
				INFOPLIST_KEY_UISupportedInterfaceOrientations_iPhone = "UIInterfaceOrientationPortrait UIInterfaceOrientationLandscapeLeft UIInterfaceOrientationLandscapeRight";
				LD_RUNPATH_SEARCH_PATHS = (
					"$(inherited)",
					"@executable_path/Frameworks",
				);
				MARKETING_VERSION = 1.0;
				PRODUCT_BUNDLE_IDENTIFIER = com.TravelGuide;
				PRODUCT_NAME = "$(TARGET_NAME)";
				SWIFT_EMIT_LOC_STRINGS = YES;
				SWIFT_VERSION = 5.0;
				TARGETED_DEVICE_FAMILY = "1,2";
			};
			name = Release;
		};
/* End XCBuildConfiguration section */

/* Begin XCConfigurationList section */
		9299BD9127F461AF007CA522 /* Build configuration list for PBXProject "TravelGuide" */ = {
			isa = XCConfigurationList;
			buildConfigurations = (
				9299BDA227F461B1007CA522 /* Debug */,
				9299BDA327F461B1007CA522 /* Release */,
			);
			defaultConfigurationIsVisible = 0;
			defaultConfigurationName = Release;
		};
		9299BDA427F461B1007CA522 /* Build configuration list for PBXNativeTarget "TravelGuide" */ = {
			isa = XCConfigurationList;
			buildConfigurations = (
				9299BDA527F461B1007CA522 /* Debug */,
				9299BDA627F461B1007CA522 /* Release */,
			);
			defaultConfigurationIsVisible = 0;
			defaultConfigurationName = Release;
		};
/* End XCConfigurationList section */
	};
	rootObject = 9299BD8E27F461AF007CA522 /* Project object */;
}
